
Microsoft Visual Studio Solution File, Format Version 12.00
# Visual Studio Version 16
VisualStudioVersion = 16.0.31702.278
MinimumVisualStudioVersion = 10.0.40219.1
Project("{FAE04EC0-301F-11D3-BF4B-00C04F79EFBC}") = "eSport", "eSport\eSport.csproj", "{42E6BC9A-FEC8-4D76-B051-40CCD6FE1937}"
EndProject
Global
	GlobalSection(SolutionConfigurationPlatforms) = preSolution
		Debug|Any CPU = Debug|Any CPU
		Release|Any CPU = Release|Any CPU
	EndGlobalSection
	GlobalSection(ProjectConfigurationPlatforms) = postSolution
		{42E6BC9A-FEC8-4D76-B051-40CCD6FE1937}.Debug|Any CPU.ActiveCfg = Debug|Any CPU
		{42E6BC9A-FEC8-4D76-B051-40CCD6FE1937}.Debug|Any CPU.Build.0 = Debug|Any CPU
		{42E6BC9A-FEC8-4D76-B051-40CCD6FE1937}.Release|Any CPU.ActiveCfg = Release|Any CPU
		{42E6BC9A-FEC8-4D76-B051-40CCD6FE1937}.Release|Any CPU.Build.0 = Release|Any CPU
	EndGlobalSection
	GlobalSection(SolutionProperties) = preSolution
		HideSolutionNode = FALSE
	EndGlobalSection
	GlobalSection(ExtensibilityGlobals) = postSolution
		SolutionGuid = {058E89C1-A84D-429A-AF3A-F0E36350551A}
	EndGlobalSection
EndGlobal
